
Microsoft Visual Studio Solution File, Format Version 12.00
# Visual Studio Version 16
VisualStudioVersion = 16.0.31729.503
MinimumVisualStudioVersion = 10.0.40219.1
Project("{9A19103F-16F7-4668-BE54-9A1E7A4F7556}") = "BookReservation", "BookReservation\BookReservation.csproj", "{34B4ECE3-705A-4A84-9358-CEA4C3EA6190}"
EndProject
Project("{FAE04EC0-301F-11D3-BF4B-00C04F79EFBC}") = "BookReservation.Repository", "BookReservation.Repository\BookReservation.Repository.csproj", "{633C06AF-BDE8-43F8-B7EF-E1B33FBAFE17}"
EndProject
Global
	GlobalSection(SolutionConfigurationPlatforms) = preSolution
		Debug|Any CPU = Debug|Any CPU
		Release|Any CPU = Release|Any CPU
	EndGlobalSection
	GlobalSection(ProjectConfigurationPlatforms) = postSolution
		{34B4ECE3-705A-4A84-9358-CEA4C3EA6190}.Debug|Any CPU.ActiveCfg = Debug|Any CPU
		{34B4ECE3-705A-4A84-9358-CEA4C3EA6190}.Debug|Any CPU.Build.0 = Debug|Any CPU
		{34B4ECE3-705A-4A84-9358-CEA4C3EA6190}.Release|Any CPU.ActiveCfg = Release|Any CPU
		{34B4ECE3-705A-4A84-9358-CEA4C3EA6190}.Release|Any CPU.Build.0 = Release|Any CPU
		{633C06AF-BDE8-43F8-B7EF-E1B33FBAFE17}.Debug|Any CPU.ActiveCfg = Debug|Any CPU
		{633C06AF-BDE8-43F8-B7EF-E1B33FBAFE17}.Debug|Any CPU.Build.0 = Debug|Any CPU
		{633C06AF-BDE8-43F8-B7EF-E1B33FBAFE17}.Release|Any CPU.ActiveCfg = Release|Any CPU
		{633C06AF-BDE8-43F8-B7EF-E1B33FBAFE17}.Release|Any CPU.Build.0 = Release|Any CPU
	EndGlobalSection
	GlobalSection(SolutionProperties) = preSolution
		HideSolutionNode = FALSE
	EndGlobalSection
	GlobalSection(ExtensibilityGlobals) = postSolution
		SolutionGuid = {92824A99-9054-4430-A6E6-BC3AA1B473A7}
	EndGlobalSection
EndGlobal
